
Microsoft Visual Studio Solution File, Format Version 12.00
# Visual Studio 15
VisualStudioVersion = 15.0.26430.14
MinimumVisualStudioVersion = 10.0.40219.1
Project("{FAE04EC0-301F-11D3-BF4B-00C04F79EFBC}") = "XamarinSQlite.Android", "XamarinSQlite\XamarinSQlite.Android\XamarinSQlite.Android.csproj", "{DBB4B2E0-3E11-4D7E-B703-6D16019DCFA5}"
EndProject
Project("{FAE04EC0-301F-11D3-BF4B-00C04F79EFBC}") = "XamarinSQlite", "XamarinSQlite\XamarinSQlite\XamarinSQlite.csproj", "{BC6A2F75-0616-4855-90EB-C9250F07AB39}"
EndProject
Project("{FAE04EC0-301F-11D3-BF4B-00C04F79EFBC}") = "XamarinSQlite.UWP", "XamarinSQlite\XamarinSQlite.UWP\XamarinSQlite.UWP.csproj", "{4FBDAEB4-A1D6-47A2-AB27-AFACE8A204BB}"
EndProject
Project("{FAE04EC0-301F-11D3-BF4B-00C04F79EFBC}") = "XamarinSQlite.iOS", "XamarinSQlite\XamarinSQlite.iOS\XamarinSQlite.iOS.csproj", "{D58B7D4D-A44E-470A-8CB2-CC35FB884BF5}"
EndProject
Global
	GlobalSection(SolutionConfigurationPlatforms) = preSolution
		Ad-Hoc|Any CPU = Ad-Hoc|Any CPU
		Ad-Hoc|ARM = Ad-Hoc|ARM
		Ad-Hoc|iPhone = Ad-Hoc|iPhone
		Ad-Hoc|iPhoneSimulator = Ad-Hoc|iPhoneSimulator
		Ad-Hoc|x64 = Ad-Hoc|x64
		Ad-Hoc|x86 = Ad-Hoc|x86
		AppStore|Any CPU = AppStore|Any CPU
		AppStore|ARM = AppStore|ARM
		AppStore|iPhone = AppStore|iPhone
		AppStore|iPhoneSimulator = AppStore|iPhoneSimulator
		AppStore|x64 = AppStore|x64
		AppStore|x86 = AppStore|x86
		Debug|Any CPU = Debug|Any CPU
		Debug|ARM = Debug|ARM
		Debug|iPhone = Debug|iPhone
		Debug|iPhoneSimulator = Debug|iPhoneSimulator
		Debug|x64 = Debug|x64
		Debug|x86 = Debug|x86
		Release|Any CPU = Release|Any CPU
		Release|ARM = Release|ARM
		Release|iPhone = Release|iPhone
		Release|iPhoneSimulator = Release|iPhoneSimulator
		Release|x64 = Release|x64
		Release|x86 = Release|x86
	EndGlobalSection
	GlobalSection(ProjectConfigurationPlatforms) = postSolution
		{DBB4B2E0-3E11-4D7E-B703-6D16019DCFA5}.Ad-Hoc|Any CPU.ActiveCfg = Release|Any CPU
		{DBB4B2E0-3E11-4D7E-B703-6D16019DCFA5}.Ad-Hoc|Any CPU.Build.0 = Release|Any CPU
		{DBB4B2E0-3E11-4D7E-B703-6D16019DCFA5}.Ad-Hoc|Any CPU.Deploy.0 = Release|Any CPU
		{DBB4B2E0-3E11-4D7E-B703-6D16019DCFA5}.Ad-Hoc|ARM.ActiveCfg = Release|Any CPU
		{DBB4B2E0-3E11-4D7E-B703-6D16019DCFA5}.Ad-Hoc|ARM.Build.0 = Release|Any CPU
		{DBB4B2E0-3E11-4D7E-B703-6D16019DCFA5}.Ad-Hoc|ARM.Deploy.0 = Release|Any CPU
		{DBB4B2E0-3E11-4D7E-B703-6D16019DCFA5}.Ad-Hoc|iPhone.ActiveCfg = Release|Any CPU
		{DBB4B2E0-3E11-4D7E-B703-6D16019DCFA5}.Ad-Hoc|iPhone.Build.0 = Release|Any CPU
		{DBB4B2E0-3E11-4D7E-B703-6D16019DCFA5}.Ad-Hoc|iPhone.Deploy.0 = Release|Any CPU
		{DBB4B2E0-3E11-4D7E-B703-6D16019DCFA5}.Ad-Hoc|iPhoneSimulator.ActiveCfg = Release|Any CPU
		{DBB4B2E0-3E11-4D7E-B703-6D16019DCFA5}.Ad-Hoc|iPhoneSimulator.Build.0 = Release|Any CPU
		{DBB4B2E0-3E11-4D7E-B703-6D16019DCFA5}.Ad-Hoc|iPhoneSimulator.Deploy.0 = Release|Any CPU
		{DBB4B2E0-3E11-4D7E-B703-6D16019DCFA5}.Ad-Hoc|x64.ActiveCfg = Release|Any CPU
		{DBB4B2E0-3E11-4D7E-B703-6D16019DCFA5}.Ad-Hoc|x64.Build.0 = Release|Any CPU
		{DBB4B2E0-3E11-4D7E-B703-6D16019DCFA5}.Ad-Hoc|x64.Deploy.0 = Release|Any CPU
		{DBB4B2E0-3E11-4D7E-B703-6D16019DCFA5}.Ad-Hoc|x86.ActiveCfg = Release|Any CPU
		{DBB4B2E0-3E11-4D7E-B703-6D16019DCFA5}.Ad-Hoc|x86.Build.0 = Release|Any CPU
		{DBB4B2E0-3E11-4D7E-B703-6D16019DCFA5}.Ad-Hoc|x86.Deploy.0 = Release|Any CPU
		{DBB4B2E0-3E11-4D7E-B703-6D16019DCFA5}.AppStore|Any CPU.ActiveCfg = Release|Any CPU
		{DBB4B2E0-3E11-4D7E-B703-6D16019DCFA5}.AppStore|Any CPU.Build.0 = Release|Any CPU
		{DBB4B2E0-3E11-4D7E-B703-6D16019DCFA5}.AppStore|Any CPU.Deploy.0 = Release|Any CPU
		{DBB4B2E0-3E11-4D7E-B703-6D16019DCFA5}.AppStore|ARM.ActiveCfg = Release|Any CPU
		{DBB4B2E0-3E11-4D7E-B703-6D16019DCFA5}.AppStore|ARM.Build.0 = Release|Any CPU
		{DBB4B2E0-3E11-4D7E-B703-6D16019DCFA5}.AppStore|ARM.Deploy.0 = Release|Any CPU
		{DBB4B2E0-3E11-4D7E-B703-6D16019DCFA5}.AppStore|iPhone.ActiveCfg = Release|Any CPU
		{DBB4B2E0-3E11-4D7E-B703-6D16019DCFA5}.AppStore|iPhone.Build.0 = Release|Any CPU
		{DBB4B2E0-3E11-4D7E-B703-6D16019DCFA5}.AppStore|iPhone.Deploy.0 = Release|Any CPU
		{DBB4B2E0-3E11-4D7E-B703-6D16019DCFA5}.AppStore|iPhoneSimulator.ActiveCfg = Release|Any CPU
		{DBB4B2E0-3E11-4D7E-B703-6D16019DCFA5}.AppStore|iPhoneSimulator.Build.0 = Release|Any CPU
		{DBB4B2E0-3E11-4D7E-B703-6D16019DCFA5}.AppStore|iPhoneSimulator.Deploy.0 = Release|Any CPU
		{DBB4B2E0-3E11-4D7E-B703-6D16019DCFA5}.AppStore|x64.ActiveCfg = Release|Any CPU
		{DBB4B2E0-3E11-4D7E-B703-6D16019DCFA5}.AppStore|x64.Build.0 = Release|Any CPU
		{DBB4B2E0-3E11-4D7E-B703-6D16019DCFA5}.AppStore|x64.Deploy.0 = Release|Any CPU
		{DBB4B2E0-3E11-4D7E-B703-6D16019DCFA5}.AppStore|x86.ActiveCfg = Release|Any CPU
		{DBB4B2E0-3E11-4D7E-B703-6D16019DCFA5}.AppStore|x86.Build.0 = Release|Any CPU
		{DBB4B2E0-3E11-4D7E-B703-6D16019DCFA5}.AppStore|x86.Deploy.0 = Release|Any CPU
		{DBB4B2E0-3E11-4D7E-B703-6D16019DCFA5}.Debug|Any CPU.ActiveCfg = Debug|Any CPU
		{DBB4B2E0-3E11-4D7E-B703-6D16019DCFA5}.Debug|Any CPU.Build.0 = Debug|Any CPU
		{DBB4B2E0-3E11-4D7E-B703-6D16019DCFA5}.Debug|Any CPU.Deploy.0 = Debug|Any CPU
		{DBB4B2E0-3E11-4D7E-B703-6D16019DCFA5}.Debug|ARM.ActiveCfg = Debug|Any CPU
		{DBB4B2E0-3E11-4D7E-B703-6D16019DCFA5}.Debug|ARM.Build.0 = Debug|Any CPU
		{DBB4B2E0-3E11-4D7E-B703-6D16019DCFA5}.Debug|ARM.Deploy.0 = Debug|Any CPU
		{DBB4B2E0-3E11-4D7E-B703-6D16019DCFA5}.Debug|iPhone.ActiveCfg = Debug|Any CPU
		{DBB4B2E0-3E11-4D7E-B703-6D16019DCFA5}.Debug|iPhone.Build.0 = Debug|Any CPU
		{DBB4B2E0-3E11-4D7E-B703-6D16019DCFA5}.Debug|iPhone.Deploy.0 = Debug|Any CPU
		{DBB4B2E0-3E11-4D7E-B703-6D16019DCFA5}.Debug|iPhoneSimulator.ActiveCfg = Debug|Any CPU
		{DBB4B2E0-3E11-4D7E-B703-6D16019DCFA5}.Debug|iPhoneSimulator.Build.0 = Debug|Any CPU
		{DBB4B2E0-3E11-4D7E-B703-6D16019DCFA5}.Debug|iPhoneSimulator.Deploy.0 = Debug|Any CPU
		{DBB4B2E0-3E11-4D7E-B703-6D16019DCFA5}.Debug|x64.ActiveCfg = Debug|Any CPU
		{DBB4B2E0-3E11-4D7E-B703-6D16019DCFA5}.Debug|x64.Build.0 = Debug|Any CPU
		{DBB4B2E0-3E11-4D7E-B703-6D16019DCFA5}.Debug|x64.Deploy.0 = Debug|Any CPU
		{DBB4B2E0-3E11-4D7E-B703-6D16019DCFA5}.Debug|x86.ActiveCfg = Debug|Any CPU
		{DBB4B2E0-3E11-4D7E-B703-6D16019DCFA5}.Debug|x86.Build.0 = Debug|Any CPU
		{DBB4B2E0-3E11-4D7E-B703-6D16019DCFA5}.Debug|x86.Deploy.0 = Debug|Any CPU
		{DBB4B2E0-3E11-4D7E-B703-6D16019DCFA5}.Release|Any CPU.ActiveCfg = Release|Any CPU
		{DBB4B2E0-3E11-4D7E-B703-6D16019DCFA5}.Release|Any CPU.Build.0 = Release|Any CPU
		{DBB4B2E0-3E11-4D7E-B703-6D16019DCFA5}.Release|Any CPU.Deploy.0 = Release|Any CPU
		{DBB4B2E0-3E11-4D7E-B703-6D16019DCFA5}.Release|ARM.ActiveCfg = Release|Any CPU
		{DBB4B2E0-3E11-4D7E-B703-6D16019DCFA5}.Release|ARM.Build.0 = Release|Any CPU
		{DBB4B2E0-3E11-4D7E-B703-6D16019DCFA5}.Release|ARM.Deploy.0 = Release|Any CPU
		{DBB4B2E0-3E11-4D7E-B703-6D16019DCFA5}.Release|iPhone.ActiveCfg = Release|Any CPU
		{DBB4B2E0-3E11-4D7E-B703-6D16019DCFA5}.Release|iPhone.Build.0 = Release|Any CPU
		{DBB4B2E0-3E11-4D7E-B703-6D16019DCFA5}.Release|iPhone.Deploy.0 = Release|Any CPU
		{DBB4B2E0-3E11-4D7E-B703-6D16019DCFA5}.Release|iPhoneSimulator.ActiveCfg = Release|Any CPU
		{DBB4B2E0-3E11-4D7E-B703-6D16019DCFA5}.Release|iPhoneSimulator.Build.0 = Release|Any CPU
		{DBB4B2E0-3E11-4D7E-B703-6D16019DCFA5}.Release|iPhoneSimulator.Deploy.0 = Release|Any CPU
		{DBB4B2E0-3E11-4D7E-B703-6D16019DCFA5}.Release|x64.ActiveCfg = Release|Any CPU
		{DBB4B2E0-3E11-4D7E-B703-6D16019DCFA5}.Release|x64.Build.0 = Release|Any CPU
		{DBB4B2E0-3E11-4D7E-B703-6D16019DCFA5}.Release|x64.Deploy.0 = Release|Any CPU
		{DBB4B2E0-3E11-4D7E-B703-6D16019DCFA5}.Release|x86.ActiveCfg = Release|Any CPU
		{DBB4B2E0-3E11-4D7E-B703-6D16019DCFA5}.Release|x86.Build.0 = Release|Any CPU
		{DBB4B2E0-3E11-4D7E-B703-6D16019DCFA5}.Release|x86.Deploy.0 = Release|Any CPU
		{BC6A2F75-0616-4855-90EB-C9250F07AB39}.Ad-Hoc|Any CPU.ActiveCfg = Release|Any CPU
		{BC6A2F75-0616-4855-90EB-C9250F07AB39}.Ad-Hoc|Any CPU.Build.0 = Release|Any CPU
		{BC6A2F75-0616-4855-90EB-C9250F07AB39}.Ad-Hoc|ARM.ActiveCfg = Release|Any CPU
		{BC6A2F75-0616-4855-90EB-C9250F07AB39}.Ad-Hoc|ARM.Build.0 = Release|Any CPU
		{BC6A2F75-0616-4855-90EB-C9250F07AB39}.Ad-Hoc|iPhone.ActiveCfg = Release|Any CPU
		{BC6A2F75-0616-4855-90EB-C9250F07AB39}.Ad-Hoc|iPhone.Build.0 = Release|Any CPU
		{BC6A2F75-0616-4855-90EB-C9250F07AB39}.Ad-Hoc|iPhoneSimulator.ActiveCfg = Release|Any CPU
		{BC6A2F75-0616-4855-90EB-C9250F07AB39}.Ad-Hoc|iPhoneSimulator.Build.0 = Release|Any CPU
		{BC6A2F75-0616-4855-90EB-C9250F07AB39}.Ad-Hoc|x64.ActiveCfg = Release|Any CPU
		{BC6A2F75-0616-4855-90EB-C9250F07AB39}.Ad-Hoc|x64.Build.0 = Release|Any CPU
		{BC6A2F75-0616-4855-90EB-C9250F07AB39}.Ad-Hoc|x86.ActiveCfg = Release|Any CPU
		{BC6A2F75-0616-4855-90EB-C9250F07AB39}.Ad-Hoc|x86.Build.0 = Release|Any CPU
		{BC6A2F75-0616-4855-90EB-C9250F07AB39}.AppStore|Any CPU.ActiveCfg = Release|Any CPU
		{BC6A2F75-0616-4855-90EB-C9250F07AB39}.AppStore|Any CPU.Build.0 = Release|Any CPU
		{BC6A2F75-0616-4855-90EB-C9250F07AB39}.AppStore|ARM.ActiveCfg = Release|Any CPU
		{BC6A2F75-0616-4855-90EB-C9250F07AB39}.AppStore|ARM.Build.0 = Release|Any CPU
		{BC6A2F75-0616-4855-90EB-C9250F07AB39}.AppStore|iPhone.ActiveCfg = Release|Any CPU
		{BC6A2F75-0616-4855-90EB-C9250F07AB39}.AppStore|iPhone.Build.0 = Release|Any CPU
		{BC6A2F75-0616-4855-90EB-C9250F07AB39}.AppStore|iPhoneSimulator.ActiveCfg = Release|Any CPU
		{BC6A2F75-0616-4855-90EB-C9250F07AB39}.AppStore|iPhoneSimulator.Build.0 = Release|Any CPU
		{BC6A2F75-0616-4855-90EB-C9250F07AB39}.AppStore|x64.ActiveCfg = Release|Any CPU
		{BC6A2F75-0616-4855-90EB-C9250F07AB39}.AppStore|x64.Build.0 = Release|Any CPU
		{BC6A2F75-0616-4855-90EB-C9250F07AB39}.AppStore|x86.ActiveCfg = Release|Any CPU
		{BC6A2F75-0616-4855-90EB-C9250F07AB39}.AppStore|x86.Build.0 = Release|Any CPU
		{BC6A2F75-0616-4855-90EB-C9250F07AB39}.Debug|Any CPU.ActiveCfg = Debug|Any CPU
		{BC6A2F75-0616-4855-90EB-C9250F07AB39}.Debug|Any CPU.Build.0 = Debug|Any CPU
		{BC6A2F75-0616-4855-90EB-C9250F07AB39}.Debug|ARM.ActiveCfg = Debug|Any CPU
		{BC6A2F75-0616-4855-90EB-C9250F07AB39}.Debug|ARM.Build.0 = Debug|Any CPU
		{BC6A2F75-0616-4855-90EB-C9250F07AB39}.Debug|iPhone.ActiveCfg = Debug|Any CPU
		{BC6A2F75-0616-4855-90EB-C9250F07AB39}.Debug|iPhone.Build.0 = Debug|Any CPU
		{BC6A2F75-0616-4855-90EB-C9250F07AB39}.Debug|iPhoneSimulator.ActiveCfg = Debug|Any CPU
		{BC6A2F75-0616-4855-90EB-C9250F07AB39}.Debug|iPhoneSimulator.Build.0 = Debug|Any CPU
		{BC6A2F75-0616-4855-90EB-C9250F07AB39}.Debug|x64.ActiveCfg = Debug|Any CPU
		{BC6A2F75-0616-4855-90EB-C9250F07AB39}.Debug|x64.Build.0 = Debug|Any CPU
		{BC6A2F75-0616-4855-90EB-C9250F07AB39}.Debug|x86.ActiveCfg = Debug|Any CPU
		{BC6A2F75-0616-4855-90EB-C9250F07AB39}.Debug|x86.Build.0 = Debug|Any CPU
		{BC6A2F75-0616-4855-90EB-C9250F07AB39}.Release|Any CPU.ActiveCfg = Debug|Any CPU
		{BC6A2F75-0616-4855-90EB-C9250F07AB39}.Release|Any CPU.Build.0 = Debug|Any CPU
		{BC6A2F75-0616-4855-90EB-C9250F07AB39}.Release|ARM.ActiveCfg = Release|Any CPU
		{BC6A2F75-0616-4855-90EB-C9250F07AB39}.Release|ARM.Build.0 = Release|Any CPU
		{BC6A2F75-0616-4855-90EB-C9250F07AB39}.Release|iPhone.ActiveCfg = Release|Any CPU
		{BC6A2F75-0616-4855-90EB-C9250F07AB39}.Release|iPhone.Build.0 = Release|Any CPU
		{BC6A2F75-0616-4855-90EB-C9250F07AB39}.Release|iPhoneSimulator.ActiveCfg = Release|Any CPU
		{BC6A2F75-0616-4855-90EB-C9250F07AB39}.Release|iPhoneSimulator.Build.0 = Release|Any CPU
		{BC6A2F75-0616-4855-90EB-C9250F07AB39}.Release|x64.ActiveCfg = Release|Any CPU
		{BC6A2F75-0616-4855-90EB-C9250F07AB39}.Release|x64.Build.0 = Release|Any CPU
		{BC6A2F75-0616-4855-90EB-C9250F07AB39}.Release|x86.ActiveCfg = Release|Any CPU
		{BC6A2F75-0616-4855-90EB-C9250F07AB39}.Release|x86.Build.0 = Release|Any CPU
		{4FBDAEB4-A1D6-47A2-AB27-AFACE8A204BB}.Ad-Hoc|Any CPU.ActiveCfg = Release|x86
		{4FBDAEB4-A1D6-47A2-AB27-AFACE8A204BB}.Ad-Hoc|Any CPU.Build.0 = Release|x86
		{4FBDAEB4-A1D6-47A2-AB27-AFACE8A204BB}.Ad-Hoc|Any CPU.Deploy.0 = Release|x86
		{4FBDAEB4-A1D6-47A2-AB27-AFACE8A204BB}.Ad-Hoc|ARM.ActiveCfg = Release|ARM
		{4FBDAEB4-A1D6-47A2-AB27-AFACE8A204BB}.Ad-Hoc|ARM.Build.0 = Release|ARM
		{4FBDAEB4-A1D6-47A2-AB27-AFACE8A204BB}.Ad-Hoc|ARM.Deploy.0 = Release|ARM
		{4FBDAEB4-A1D6-47A2-AB27-AFACE8A204BB}.Ad-Hoc|iPhone.ActiveCfg = Release|x86
		{4FBDAEB4-A1D6-47A2-AB27-AFACE8A204BB}.Ad-Hoc|iPhone.Build.0 = Release|x86
		{4FBDAEB4-A1D6-47A2-AB27-AFACE8A204BB}.Ad-Hoc|iPhone.Deploy.0 = Release|x86
		{4FBDAEB4-A1D6-47A2-AB27-AFACE8A204BB}.Ad-Hoc|iPhoneSimulator.ActiveCfg = Release|x86
		{4FBDAEB4-A1D6-47A2-AB27-AFACE8A204BB}.Ad-Hoc|iPhoneSimulator.Build.0 = Release|x86
		{4FBDAEB4-A1D6-47A2-AB27-AFACE8A204BB}.Ad-Hoc|iPhoneSimulator.Deploy.0 = Release|x86
		{4FBDAEB4-A1D6-47A2-AB27-AFACE8A204BB}.Ad-Hoc|x64.ActiveCfg = Release|x64
		{4FBDAEB4-A1D6-47A2-AB27-AFACE8A204BB}.Ad-Hoc|x64.Build.0 = Release|x64
		{4FBDAEB4-A1D6-47A2-AB27-AFACE8A204BB}.Ad-Hoc|x64.Deploy.0 = Release|x64
		{4FBDAEB4-A1D6-47A2-AB27-AFACE8A204BB}.Ad-Hoc|x86.ActiveCfg = Release|x86
		{4FBDAEB4-A1D6-47A2-AB27-AFACE8A204BB}.Ad-Hoc|x86.Build.0 = Release|x86
		{4FBDAEB4-A1D6-47A2-AB27-AFACE8A204BB}.Ad-Hoc|x86.Deploy.0 = Release|x86
		{4FBDAEB4-A1D6-47A2-AB27-AFACE8A204BB}.AppStore|Any CPU.ActiveCfg = Release|x86
		{4FBDAEB4-A1D6-47A2-AB27-AFACE8A204BB}.AppStore|Any CPU.Build.0 = Release|x86
		{4FBDAEB4-A1D6-47A2-AB27-AFACE8A204BB}.AppStore|Any CPU.Deploy.0 = Release|x86
		{4FBDAEB4-A1D6-47A2-AB27-AFACE8A204BB}.AppStore|ARM.ActiveCfg = Release|ARM
		{4FBDAEB4-A1D6-47A2-AB27-AFACE8A204BB}.AppStore|ARM.Build.0 = Release|ARM
		{4FBDAEB4-A1D6-47A2-AB27-AFACE8A204BB}.AppStore|ARM.Deploy.0 = Release|ARM
		{4FBDAEB4-A1D6-47A2-AB27-AFACE8A204BB}.AppStore|iPhone.ActiveCfg = Release|x86
		{4FBDAEB4-A1D6-47A2-AB27-AFACE8A204BB}.AppStore|iPhone.Build.0 = Release|x86
		{4FBDAEB4-A1D6-47A2-AB27-AFACE8A204BB}.AppStore|iPhone.Deploy.0 = Release|x86
		{4FBDAEB4-A1D6-47A2-AB27-AFACE8A204BB}.AppStore|iPhoneSimulator.ActiveCfg = Release|x86
		{4FBDAEB4-A1D6-47A2-AB27-AFACE8A204BB}.AppStore|iPhoneSimulator.Build.0 = Release|x86
		{4FBDAEB4-A1D6-47A2-AB27-AFACE8A204BB}.AppStore|iPhoneSimulator.Deploy.0 = Release|x86
		{4FBDAEB4-A1D6-47A2-AB27-AFACE8A204BB}.AppStore|x64.ActiveCfg = Release|x64
		{4FBDAEB4-A1D6-47A2-AB27-AFACE8A204BB}.AppStore|x64.Build.0 = Release|x64
		{4FBDAEB4-A1D6-47A2-AB27-AFACE8A204BB}.AppStore|x64.Deploy.0 = Release|x64
		{4FBDAEB4-A1D6-47A2-AB27-AFACE8A204BB}.AppStore|x86.ActiveCfg = Release|x86
		{4FBDAEB4-A1D6-47A2-AB27-AFACE8A204BB}.AppStore|x86.Build.0 = Release|x86
		{4FBDAEB4-A1D6-47A2-AB27-AFACE8A204BB}.AppStore|x86.Deploy.0 = Release|x86
		{4FBDAEB4-A1D6-47A2-AB27-AFACE8A204BB}.Debug|Any CPU.ActiveCfg = Debug|x86
		{4FBDAEB4-A1D6-47A2-AB27-AFACE8A204BB}.Debug|Any CPU.Build.0 = Debug|x86
		{4FBDAEB4-A1D6-47A2-AB27-AFACE8A204BB}.Debug|Any CPU.Deploy.0 = Debug|x86
		{4FBDAEB4-A1D6-47A2-AB27-AFACE8A204BB}.Debug|ARM.ActiveCfg = Debug|ARM
		{4FBDAEB4-A1D6-47A2-AB27-AFACE8A204BB}.Debug|ARM.Build.0 = Debug|ARM
		{4FBDAEB4-A1D6-47A2-AB27-AFACE8A204BB}.Debug|ARM.Deploy.0 = Debug|ARM
		{4FBDAEB4-A1D6-47A2-AB27-AFACE8A204BB}.Debug|iPhone.ActiveCfg = Debug|x86
		{4FBDAEB4-A1D6-47A2-AB27-AFACE8A204BB}.Debug|iPhoneSimulator.ActiveCfg = Debug|x86
		{4FBDAEB4-A1D6-47A2-AB27-AFACE8A204BB}.Debug|x64.ActiveCfg = Debug|x64
		{4FBDAEB4-A1D6-47A2-AB27-AFACE8A204BB}.Debug|x64.Build.0 = Debug|x64
		{4FBDAEB4-A1D6-47A2-AB27-AFACE8A204BB}.Debug|x64.Deploy.0 = Debug|x64
		{4FBDAEB4-A1D6-47A2-AB27-AFACE8A204BB}.Debug|x86.ActiveCfg = Debug|x86
		{4FBDAEB4-A1D6-47A2-AB27-AFACE8A204BB}.Debug|x86.Build.0 = Debug|x86
		{4FBDAEB4-A1D6-47A2-AB27-AFACE8A204BB}.Debug|x86.Deploy.0 = Debug|x86
		{4FBDAEB4-A1D6-47A2-AB27-AFACE8A204BB}.Release|Any CPU.ActiveCfg = Debug|x86
		{4FBDAEB4-A1D6-47A2-AB27-AFACE8A204BB}.Release|Any CPU.Build.0 = Debug|x86
		{4FBDAEB4-A1D6-47A2-AB27-AFACE8A204BB}.Release|Any CPU.Deploy.0 = Debug|x86
		{4FBDAEB4-A1D6-47A2-AB27-AFACE8A204BB}.Release|ARM.ActiveCfg = Release|ARM
		{4FBDAEB4-A1D6-47A2-AB27-AFACE8A204BB}.Release|ARM.Build.0 = Release|ARM
		{4FBDAEB4-A1D6-47A2-AB27-AFACE8A204BB}.Release|ARM.Deploy.0 = Release|ARM
		{4FBDAEB4-A1D6-47A2-AB27-AFACE8A204BB}.Release|iPhone.ActiveCfg = Release|x86
		{4FBDAEB4-A1D6-47A2-AB27-AFACE8A204BB}.Release|iPhoneSimulator.ActiveCfg = Release|x86
		{4FBDAEB4-A1D6-47A2-AB27-AFACE8A204BB}.Release|x64.ActiveCfg = Release|x64
		{4FBDAEB4-A1D6-47A2-AB27-AFACE8A204BB}.Release|x64.Build.0 = Release|x64
		{4FBDAEB4-A1D6-47A2-AB27-AFACE8A204BB}.Release|x64.Deploy.0 = Release|x64
		{4FBDAEB4-A1D6-47A2-AB27-AFACE8A204BB}.Release|x86.ActiveCfg = Release|x86
		{4FBDAEB4-A1D6-47A2-AB27-AFACE8A204BB}.Release|x86.Build.0 = Release|x86
		{4FBDAEB4-A1D6-47A2-AB27-AFACE8A204BB}.Release|x86.Deploy.0 = Release|x86
		{D58B7D4D-A44E-470A-8CB2-CC35FB884BF5}.Ad-Hoc|Any CPU.ActiveCfg = Ad-Hoc|iPhone
		{D58B7D4D-A44E-470A-8CB2-CC35FB884BF5}.Ad-Hoc|ARM.ActiveCfg = Ad-Hoc|iPhone
		{D58B7D4D-A44E-470A-8CB2-CC35FB884BF5}.Ad-Hoc|iPhone.ActiveCfg = Ad-Hoc|iPhone
		{D58B7D4D-A44E-470A-8CB2-CC35FB884BF5}.Ad-Hoc|iPhone.Build.0 = Ad-Hoc|iPhone
		{D58B7D4D-A44E-470A-8CB2-CC35FB884BF5}.Ad-Hoc|iPhoneSimulator.ActiveCfg = Ad-Hoc|iPhoneSimulator
		{D58B7D4D-A44E-470A-8CB2-CC35FB884BF5}.Ad-Hoc|iPhoneSimulator.Build.0 = Ad-Hoc|iPhoneSimulator
		{D58B7D4D-A44E-470A-8CB2-CC35FB884BF5}.Ad-Hoc|x64.ActiveCfg = Ad-Hoc|iPhone
		{D58B7D4D-A44E-470A-8CB2-CC35FB884BF5}.Ad-Hoc|x86.ActiveCfg = Ad-Hoc|iPhone
		{D58B7D4D-A44E-470A-8CB2-CC35FB884BF5}.AppStore|Any CPU.ActiveCfg = AppStore|iPhone
		{D58B7D4D-A44E-470A-8CB2-CC35FB884BF5}.AppStore|ARM.ActiveCfg = AppStore|iPhone
		{D58B7D4D-A44E-470A-8CB2-CC35FB884BF5}.AppStore|iPhone.ActiveCfg = AppStore|iPhone
		{D58B7D4D-A44E-470A-8CB2-CC35FB884BF5}.AppStore|iPhone.Build.0 = AppStore|iPhone
		{D58B7D4D-A44E-470A-8CB2-CC35FB884BF5}.AppStore|iPhoneSimulator.ActiveCfg = AppStore|iPhoneSimulator
		{D58B7D4D-A44E-470A-8CB2-CC35FB884BF5}.AppStore|iPhoneSimulator.Build.0 = AppStore|iPhoneSimulator
		{D58B7D4D-A44E-470A-8CB2-CC35FB884BF5}.AppStore|x64.ActiveCfg = AppStore|iPhone
		{D58B7D4D-A44E-470A-8CB2-CC35FB884BF5}.AppStore|x86.ActiveCfg = AppStore|iPhone
		{D58B7D4D-A44E-470A-8CB2-CC35FB884BF5}.Debug|Any CPU.ActiveCfg = Debug|iPhone
		{D58B7D4D-A44E-470A-8CB2-CC35FB884BF5}.Debug|ARM.ActiveCfg = Debug|iPhone
		{D58B7D4D-A44E-470A-8CB2-CC35FB884BF5}.Debug|iPhone.ActiveCfg = Debug|iPhone
		{D58B7D4D-A44E-470A-8CB2-CC35FB884BF5}.Debug|iPhone.Build.0 = Debug|iPhone
		{D58B7D4D-A44E-470A-8CB2-CC35FB884BF5}.Debug|iPhoneSimulator.ActiveCfg = Debug|iPhoneSimulator
		{D58B7D4D-A44E-470A-8CB2-CC35FB884BF5}.Debug|iPhoneSimulator.Build.0 = Debug|iPhoneSimulator
		{D58B7D4D-A44E-470A-8CB2-CC35FB884BF5}.Debug|x64.ActiveCfg = Debug|iPhone
		{D58B7D4D-A44E-470A-8CB2-CC35FB884BF5}.Debug|x86.ActiveCfg = Debug|iPhone
		{D58B7D4D-A44E-470A-8CB2-CC35FB884BF5}.Release|Any CPU.ActiveCfg = Debug|iPhoneSimulator
		{D58B7D4D-A44E-470A-8CB2-CC35FB884BF5}.Release|Any CPU.Build.0 = Debug|iPhoneSimulator
		{D58B7D4D-A44E-470A-8CB2-CC35FB884BF5}.Release|ARM.ActiveCfg = Release|iPhone
		{D58B7D4D-A44E-470A-8CB2-CC35FB884BF5}.Release|iPhone.ActiveCfg = Release|iPhone
		{D58B7D4D-A44E-470A-8CB2-CC35FB884BF5}.Release|iPhone.Build.0 = Release|iPhone
		{D58B7D4D-A44E-470A-8CB2-CC35FB884BF5}.Release|iPhoneSimulator.ActiveCfg = Release|iPhoneSimulator
		{D58B7D4D-A44E-470A-8CB2-CC35FB884BF5}.Release|iPhoneSimulator.Build.0 = Release|iPhoneSimulator
		{D58B7D4D-A44E-470A-8CB2-CC35FB884BF5}.Release|x64.ActiveCfg = Release|iPhone
		{D58B7D4D-A44E-470A-8CB2-CC35FB884BF5}.Release|x86.ActiveCfg = Release|iPhone
	EndGlobalSection
	GlobalSection(SolutionProperties) = preSolution
		HideSolutionNode = FALSE
	EndGlobalSection
EndGlobal
